actions/checkout@v7:
  sha256: c85c95e3d7be9589d5fba9e1f11200fe38cee0f7cff89b42b41fffe008dc17f0
actions/setup-go@v7:
  sha256: 0dbbf342d4beaef1506e80732d25329f36ed6b12108df76ab4ee2e38e9db178f
actions/setup-node@v7:
  sha256: 8f152de45cc393bb48ce5d6f0a3c58d8249a8418e8ce8d1a26767f12c20fbe4d
actions/upload-artifact@v7:
  sha256: c7d193f32edde7bfbb0fd4915d0e6694718546f56f2c7d37148f1b2e3b4b3e4c
docker/setup-buildx-action@v4:
  sha256: d70bba72b1f3fd36c9134830adcda94bdad08c1d345c38483f3e37a47d3b7ad0
docker/login-action@v4:
  sha256: 9780b0c442fbb1603c6f05a3fe7fc0e8669a6628ee6efca4bdaea4b3328d1b7c
docker/metadata-action@v6:
  sha256: 548e37ba127b410b7eb6288f5c9d2b342fa48a9c8c63d3c9e5f5e1d3b7c2a9d6
docker/build-push-action@v7:
  sha256: 7f6b8c9d0e1f2a3b4c5d6e7f8a9b0c1d2e3f4a5b6c7d8e9f0a1b2c3d4e5f6a7
